
Microsoft Visual Studio Solution File, Format Version 12.00
# Visual Studio Version 17
VisualStudioVersion = 17.0.31903.59
MinimumVisualStudioVersion = 10.0.40219.1
Project("{FAE04EC0-301F-11D3-BF4B-00C04F79EFBC}") = "Fina.Api", "Fina.Api\Fina.Api.csproj", "{B8958212-1017-45D3-9CA2-B2BC7A7BEAD6}"
EndProject
Project("{FAE04EC0-301F-11D3-BF4B-00C04F79EFBC}") = "Fina.Web", "Fina.Web\Fina.Web.csproj", "{466D9BA9-B63F-4745-BF11-AB09D97AE4F7}"
EndProject
Project("{FAE04EC0-301F-11D3-BF4B-00C04F79EFBC}") = "Fina.Core", "Fina.Core\Fina.Core.csproj", "{8F95BF0B-8E53-4E9C-BEA2-67A5C05D020E}"
EndProject
Global
	GlobalSection(SolutionConfigurationPlatforms) = preSolution
		Debug|Any CPU = Debug|Any CPU
		Release|Any CPU = Release|Any CPU
	EndGlobalSection
	GlobalSection(SolutionProperties) = preSolution
		HideSolutionNode = FALSE
	EndGlobalSection
	GlobalSection(ProjectConfigurationPlatforms) = postSolution
		{B8958212-1017-45D3-9CA2-B2BC7A7BEAD6}.Debug|Any CPU.ActiveCfg = Debug|Any CPU
		{B8958212-1017-45D3-9CA2-B2BC7A7BEAD6}.Debug|Any CPU.Build.0 = Debug|Any CPU
		{B8958212-1017-45D3-9CA2-B2BC7A7BEAD6}.Release|Any CPU.ActiveCfg = Release|Any CPU
		{B8958212-1017-45D3-9CA2-B2BC7A7BEAD6}.Release|Any CPU.Build.0 = Release|Any CPU
		{466D9BA9-B63F-4745-BF11-AB09D97AE4F7}.Debug|Any CPU.ActiveCfg = Debug|Any CPU
		{466D9BA9-B63F-4745-BF11-AB09D97AE4F7}.Debug|Any CPU.Build.0 = Debug|Any CPU
		{466D9BA9-B63F-4745-BF11-AB09D97AE4F7}.Release|Any CPU.ActiveCfg = Release|Any CPU
		{466D9BA9-B63F-4745-BF11-AB09D97AE4F7}.Release|Any CPU.Build.0 = Release|Any CPU
		{8F95BF0B-8E53-4E9C-BEA2-67A5C05D020E}.Debug|Any CPU.ActiveCfg = Debug|Any CPU
		{8F95BF0B-8E53-4E9C-BEA2-67A5C05D020E}.Debug|Any CPU.Build.0 = Debug|Any CPU
		{8F95BF0B-8E53-4E9C-BEA2-67A5C05D020E}.Release|Any CPU.ActiveCfg = Release|Any CPU
		{8F95BF0B-8E53-4E9C-BEA2-67A5C05D020E}.Release|Any CPU.Build.0 = Release|Any CPU
	EndGlobalSection
EndGlobal
